
Microsoft Visual Studio Solution File, Format Version 12.00
# Visual Studio 15
VisualStudioVersion = 15.0.28307.1622
MinimumVisualStudioVersion = 10.0.40219.1
Project("{FAE04EC0-301F-11D3-BF4B-00C04F79EFBC}") = "countuniquelements", "countuniquelements\countuniquelements.csproj", "{2E835226-295B-412A-8006-0BFAED287762}"
EndProject
Global
	GlobalSection(SolutionConfigurationPlatforms) = preSolution
		Debug|Any CPU = Debug|Any CPU
		Release|Any CPU = Release|Any CPU
	EndGlobalSection
	GlobalSection(ProjectConfigurationPlatforms) = postSolution
		{2E835226-295B-412A-8006-0BFAED287762}.Debug|Any CPU.ActiveCfg = Debug|Any CPU
		{2E835226-295B-412A-8006-0BFAED287762}.Debug|Any CPU.Build.0 = Debug|Any CPU
		{2E835226-295B-412A-8006-0BFAED287762}.Release|Any CPU.ActiveCfg = Release|Any CPU
		{2E835226-295B-412A-8006-0BFAED287762}.Release|Any CPU.Build.0 = Release|Any CPU
	EndGlobalSection
	GlobalSection(SolutionProperties) = preSolution
		HideSolutionNode = FALSE
	EndGlobalSection
	GlobalSection(ExtensibilityGlobals) = postSolution
		SolutionGuid = {4FB1459B-0059-43AD-BC23-50A3F6867404}
	EndGlobalSection
EndGlobal
